Microsoft Visual Studio Solution File, Format Version 12.00
# Visual Studio Version 17
VisualStudioVersion = 17.10.34928.147
MinimumVisualStudioVersion = 10.0.40219.1
Project("{2150E333-8FDC-42A3-9474-1A3956D46DE8}") = "src", "src", "{AD5B9046-EBFC-4EF3-8D22-5D442923E04B}"
EndProject
Project("{2150E333-8FDC-42A3-9474-1A3956D46DE8}") = "tests", "tests", "{88EE4B22-AD2D-46FB-9A9A-ADAC23631708}"
EndProject
Project("{9A19103F-16F7-4668-BE54-9A1E7A4F7556}") = "ST.LiquorTNT.Domain", "src\\ST.LiquorTNT.Domain\\ST.LiquorTNT.Domain.csproj", "{65E12559-8748-4D0D-96E6-4FB2E9A19D85}"
EndProject
Project("{9A19103F-16F7-4668-BE54-9A1E7A4F7556}") = "ST.LiquorTNT.Business", "src\\ST.LiquorTNT.Business\\ST.LiquorTNT.Business.csproj", "{C7538B3A-1F41-4CC3-8148-4968B192AAF1}"
EndProject
Project("{9A19103F-16F7-4668-BE54-9A1E7A4F7556}") = "ST.LiquorTNT.Contracts", "src\\ST.LiquorTNT.Contracts\\ST.LiquorTNT.Contracts.csproj", "{44180424-8EB8-493A-87FF-75F8A547217B}"
EndProject
Project("{9A19103F-16F7-4668-BE54-9A1E7A4F7556}") = "ST.LiquorTNT.Infrastructure", "src\\ST.LiquorTNT.Infrastructure\\ST.LiquorTNT.Infrastructure.csproj", "{52A9A054-C169-44E2-8E1A-97EA8F82E3C9}"
EndProject
Project("{9A19103F-16F7-4668-BE54-9A1E7A4F7556}") = "ST.LiquorTNT.Logging", "src\\ST.LiquorTNT.Logging\\ST.LiquorTNT.Logging.csproj", "{E56457CA-5A43-42C0-8CC2-08135824C918}"
EndProject
Project("{9A19103F-16F7-4668-BE54-9A1E7A4F7556}") = "ST.LiquorTNT.Api", "src\\ST.LiquorTNT.Api\\ST.LiquorTNT.Api.csproj", "{D878EBE9-FABE-4D84-A5BF-BBC401919E22}"
EndProject
Project("{9A19103F-16F7-4668-BE54-9A1E7A4F7556}") = "ST.LiquorTNT.Desktop", "src\\ST.LiquorTNT.Desktop\\ST.LiquorTNT.Desktop.csproj", "{ABB4AD73-3910-4A54-8F33-EFFCCB5F8099}"
EndProject
Project("{9A19103F-16F7-4668-BE54-9A1E7A4F7556}") = "ST.LiquorTNT.Domain.Tests", "tests\\ST.LiquorTNT.Domain.Tests\\ST.LiquorTNT.Domain.Tests.csproj", "{EB2654CB-4BBF-4A31-A0D4-F76D78810F5A}"
EndProject
Project("{9A19103F-16F7-4668-BE54-9A1E7A4F7556}") = "ST.LiquorTNT.Business.Tests", "tests\\ST.LiquorTNT.Business.Tests\\ST.LiquorTNT.Business.Tests.csproj", "{88D586B9-A603-42F8-AD00-9024015CDBE5}"
EndProject
Project("{9A19103F-16F7-4668-BE54-9A1E7A4F7556}") = "ST.LiquorTNT.Infrastructure.Tests", "tests\\ST.LiquorTNT.Infrastructure.Tests\\ST.LiquorTNT.Infrastructure.Tests.csproj", "{2BBF69B2-FD02-433E-B10B-6A3C0266A4FD}"
EndProject
Project("{9A19103F-16F7-4668-BE54-9A1E7A4F7556}") = "ST.LiquorTNT.Api.Tests", "tests\\ST.LiquorTNT.Api.Tests\\ST.LiquorTNT.Api.Tests.csproj", "{F0157D33-DE43-4AAA-BEE8-4E7F570787BD}"
EndProject
Project("{9A19103F-16F7-4668-BE54-9A1E7A4F7556}") = "ST.LiquorTNT.Edge.Tests", "tests\\ST.LiquorTNT.Edge.Tests\\ST.LiquorTNT.Edge.Tests.csproj", "{B0FF6D2D-6543-4BAF-813A-FCE3B4847B8A}"
EndProject
Project("{9A19103F-16F7-4668-BE54-9A1E7A4F7556}") = "ST.LiquorTNT.Architecture.Tests", "tests\\ST.LiquorTNT.Architecture.Tests\\ST.LiquorTNT.Architecture.Tests.csproj", "{152CFB4B-5DAE-4142-906B-63818176C3B8}"
EndProject
Global
	GlobalSection(SolutionConfigurationPlatforms) = preSolution
		Debug|Any CPU = Debug|Any CPU
		Release|Any CPU = Release|Any CPU
	EndGlobalSection
	GlobalSection(ProjectConfigurationPlatforms) = postSolution
		{65E12559-8748-4D0D-96E6-4FB2E9A19D85}.Debug|Any CPU.ActiveCfg = Debug|Any CPU
		{65E12559-8748-4D0D-96E6-4FB2E9A19D85}.Debug|Any CPU.Build.0 = Debug|Any CPU
		{65E12559-8748-4D0D-96E6-4FB2E9A19D85}.Release|Any CPU.ActiveCfg = Release|Any CPU
		{65E12559-8748-4D0D-96E6-4FB2E9A19D85}.Release|Any CPU.Build.0 = Release|Any CPU
		{C7538B3A-1F41-4CC3-8148-4968B192AAF1}.Debug|Any CPU.ActiveCfg = Debug|Any CPU
		{C7538B3A-1F41-4CC3-8148-4968B192AAF1}.Debug|Any CPU.Build.0 = Debug|Any CPU
		{C7538B3A-1F41-4CC3-8148-4968B192AAF1}.Release|Any CPU.ActiveCfg = Release|Any CPU
		{C7538B3A-1F41-4CC3-8148-4968B192AAF1}.Release|Any CPU.Build.0 = Release|Any CPU
		{44180424-8EB8-493A-87FF-75F8A547217B}.Debug|Any CPU.ActiveCfg = Debug|Any CPU
		{44180424-8EB8-493A-87FF-75F8A547217B}.Debug|Any CPU.Build.0 = Debug|Any CPU
		{44180424-8EB8-493A-87FF-75F8A547217B}.Release|Any CPU.ActiveCfg = Release|Any CPU
		{44180424-8EB8-493A-87FF-75F8A547217B}.Release|Any CPU.Build.0 = Release|Any CPU
		{52A9A054-C169-44E2-8E1A-97EA8F82E3C9}.Debug|Any CPU.ActiveCfg = Debug|Any CPU
		{52A9A054-C169-44E2-8E1A-97EA8F82E3C9}.Debug|Any CPU.Build.0 = Debug|Any CPU
		{52A9A054-C169-44E2-8E1A-97EA8F82E3C9}.Release|Any CPU.ActiveCfg = Release|Any CPU
		{52A9A054-C169-44E2-8E1A-97EA8F82E3C9}.Release|Any CPU.Build.0 = Release|Any CPU
		{E56457CA-5A43-42C0-8CC2-08135824C918}.Debug|Any CPU.ActiveCfg = Debug|Any CPU
		{E56457CA-5A43-42C0-8CC2-08135824C918}.Debug|Any CPU.Build.0 = Debug|Any CPU
		{E56457CA-5A43-42C0-8CC2-08135824C918}.Release|Any CPU.ActiveCfg = Release|Any CPU
		{E56457CA-5A43-42C0-8CC2-08135824C918}.Release|Any CPU.Build.0 = Release|Any CPU
		{D878EBE9-FABE-4D84-A5BF-BBC401919E22}.Debug|Any CPU.ActiveCfg = Debug|Any CPU
		{D878EBE9-FABE-4D84-A5BF-BBC401919E22}.Debug|Any CPU.Build.0 = Debug|Any CPU
		{D878EBE9-FABE-4D84-A5BF-BBC401919E22}.Release|Any CPU.ActiveCfg = Release|Any CPU
		{D878EBE9-FABE-4D84-A5BF-BBC401919E22}.Release|Any CPU.Build.0 = Release|Any CPU
		{ABB4AD73-3910-4A54-8F33-EFFCCB5F8099}.Debug|Any CPU.ActiveCfg = Debug|Any CPU
		{ABB4AD73-3910-4A54-8F33-EFFCCB5F8099}.Debug|Any CPU.Build.0 = Debug|Any CPU
		{ABB4AD73-3910-4A54-8F33-EFFCCB5F8099}.Release|Any CPU.ActiveCfg = Release|Any CPU
		{ABB4AD73-3910-4A54-8F33-EFFCCB5F8099}.Release|Any CPU.Build.0 = Release|Any CPU
		{EB2654CB-4BBF-4A31-A0D4-F76D78810F5A}.Debug|Any CPU.ActiveCfg = Debug|Any CPU
		{EB2654CB-4BBF-4A31-A0D4-F76D78810F5A}.Debug|Any CPU.Build.0 = Debug|Any CPU
		{EB2654CB-4BBF-4A31-A0D4-F76D78810F5A}.Release|Any CPU.ActiveCfg = Release|Any CPU
		{EB2654CB-4BBF-4A31-A0D4-F76D78810F5A}.Release|Any CPU.Build.0 = Release|Any CPU
		{88D586B9-A603-42F8-AD00-9024015CDBE5}.Debug|Any CPU.ActiveCfg = Debug|Any CPU
		{88D586B9-A603-42F8-AD00-9024015CDBE5}.Debug|Any CPU.Build.0 = Debug|Any CPU
		{88D586B9-A603-42F8-AD00-9024015CDBE5}.Release|Any CPU.ActiveCfg = Release|Any CPU
		{88D586B9-A603-42F8-AD00-9024015CDBE5}.Release|Any CPU.Build.0 = Release|Any CPU
		{2BBF69B2-FD02-433E-B10B-6A3C0266A4FD}.Debug|Any CPU.ActiveCfg = Debug|Any CPU
		{2BBF69B2-FD02-433E-B10B-6A3C0266A4FD}.Debug|Any CPU.Build.0 = Debug|Any CPU
		{2BBF69B2-FD02-433E-B10B-6A3C0266A4FD}.Release|Any CPU.ActiveCfg = Release|Any CPU
		{2BBF69B2-FD02-433E-B10B-6A3C0266A4FD}.Release|Any CPU.Build.0 = Release|Any CPU
		{F0157D33-DE43-4AAA-BEE8-4E7F570787BD}.Debug|Any CPU.ActiveCfg = Debug|Any CPU
		{F0157D33-DE43-4AAA-BEE8-4E7F570787BD}.Debug|Any CPU.Build.0 = Debug|Any CPU
		{F0157D33-DE43-4AAA-BEE8-4E7F570787BD}.Release|Any CPU.ActiveCfg = Release|Any CPU
		{F0157D33-DE43-4AAA-BEE8-4E7F570787BD}.Release|Any CPU.Build.0 = Release|Any CPU
		{B0FF6D2D-6543-4BAF-813A-FCE3B4847B8A}.Debug|Any CPU.ActiveCfg = Debug|Any CPU
		{B0FF6D2D-6543-4BAF-813A-FCE3B4847B8A}.Debug|Any CPU.Build.0 = Debug|Any CPU
		{B0FF6D2D-6543-4BAF-813A-FCE3B4847B8A}.Release|Any CPU.ActiveCfg = Release|Any CPU
		{B0FF6D2D-6543-4BAF-813A-FCE3B4847B8A}.Release|Any CPU.Build.0 = Release|Any CPU
		{152CFB4B-5DAE-4142-906B-63818176C3B8}.Debug|Any CPU.ActiveCfg = Debug|Any CPU
		{152CFB4B-5DAE-4142-906B-63818176C3B8}.Debug|Any CPU.Build.0 = Debug|Any CPU
		{152CFB4B-5DAE-4142-906B-63818176C3B8}.Release|Any CPU.ActiveCfg = Release|Any CPU
		{152CFB4B-5DAE-4142-906B-63818176C3B8}.Release|Any CPU.Build.0 = Release|Any CPU
	EndGlobalSection
	GlobalSection(SolutionProperties) = preSolution
		HideSolutionNode = FALSE
	EndGlobalSection
	GlobalSection(NestedProjects) = preSolution
		{65E12559-8748-4D0D-96E6-4FB2E9A19D85} = {AD5B9046-EBFC-4EF3-8D22-5D442923E04B}
		{C7538B3A-1F41-4CC3-8148-4968B192AAF1} = {AD5B9046-EBFC-4EF3-8D22-5D442923E04B}
		{44180424-8EB8-493A-87FF-75F8A547217B} = {AD5B9046-EBFC-4EF3-8D22-5D442923E04B}
		{52A9A054-C169-44E2-8E1A-97EA8F82E3C9} = {AD5B9046-EBFC-4EF3-8D22-5D442923E04B}
		{E56457CA-5A43-42C0-8CC2-08135824C918} = {AD5B9046-EBFC-4EF3-8D22-5D442923E04B}
		{D878EBE9-FABE-4D84-A5BF-BBC401919E22} = {AD5B9046-EBFC-4EF3-8D22-5D442923E04B}
		{ABB4AD73-3910-4A54-8F33-EFFCCB5F8099} = {AD5B9046-EBFC-4EF3-8D22-5D442923E04B}
		{EB2654CB-4BBF-4A31-A0D4-F76D78810F5A} = {88EE4B22-AD2D-46FB-9A9A-ADAC23631708}
		{88D586B9-A603-42F8-AD00-9024015CDBE5} = {88EE4B22-AD2D-46FB-9A9A-ADAC23631708}
		{2BBF69B2-FD02-433E-B10B-6A3C0266A4FD} = {88EE4B22-AD2D-46FB-9A9A-ADAC23631708}
		{F0157D33-DE43-4AAA-BEE8-4E7F570787BD} = {88EE4B22-AD2D-46FB-9A9A-ADAC23631708}
		{B0FF6D2D-6543-4BAF-813A-FCE3B4847B8A} = {88EE4B22-AD2D-46FB-9A9A-ADAC23631708}
		{152CFB4B-5DAE-4142-906B-63818176C3B8} = {88EE4B22-AD2D-46FB-9A9A-ADAC23631708}
	EndGlobalSection
	GlobalSection(ExtensibilityGlobals) = postSolution
		SolutionGuid = {52A659A7-9ECD-4760-8DEB-CB22ECBCB951}
	EndGlobalSection
EndGlobal
